
Microsoft Visual Studio Solution File, Format Version 12.00
# Visual Studio 2012
Project("{FAE04EC0-301F-11D3-BF4B-00C04F79EFBC}") = "TextureCube.CSharp", "TextureCube.CSharp.csproj", "{621BC97D-C0E4-CF7F-D2AC-A4C84C2AAC76}"
EndProject
Global
	GlobalSection(SolutionConfigurationPlatforms) = preSolution
		Debug|Any CPU = Debug|Any CPU
		Release|Any CPU = Release|Any CPU
	EndGlobalSection
	GlobalSection(ProjectConfigurationPlatforms) = postSolution
		{621BC97D-C0E4-CF7F-D2AC-A4C84C2AAC76}.Debug|Any CPU.ActiveCfg = Debug|Any CPU
		{621BC97D-C0E4-CF7F-D2AC-A4C84C2AAC76}.Debug|Any CPU.Build.0 = Debug|Any CPU
		{621BC97D-C0E4-CF7F-D2AC-A4C84C2AAC76}.Release|Any CPU.ActiveCfg = Release|Any CPU
		{621BC97D-C0E4-CF7F-D2AC-A4C84C2AAC76}.Release|Any CPU.Build.0 = Release|Any CPU
	EndGlobalSection
	GlobalSection(SolutionProperties) = preSolution
		HideSolutionNode = FALSE
	EndGlobalSection
EndGlobal
